
Microsoft Visual Studio Solution File, Format Version 12.00
# Visual Studio 15
VisualStudioVersion = 15.0.27130.2003
MinimumVisualStudioVersion = 10.0.40219.1
Project("{FAE04EC0-301F-11D3-BF4B-00C04F79EFBC}") = "Papouch.Comunication", "Papouch.Comunication\Papouch.Comunication.csproj", "{22AC128A-2FF6-4D39-96AF-CA023025BB4D}"
EndProject
Project("{FAE04EC0-301F-11D3-BF4B-00C04F79EFBC}") = "Papouch.Spinel", "Papouch.Spinel\Papouch.Spinel.csproj", "{D679BBAA-F0BC-4408-9285-DAEAEDF55989}"
EndProject
Project("{FAE04EC0-301F-11D3-BF4B-00C04F79EFBC}") = "Papouch.Utils", "Papouch.Utils\Papouch.Utils.csproj", "{4E14856B-8B6D-4166-A736-1ECD5E54E2BE}"
EndProject
Project("{FAE04EC0-301F-11D3-BF4B-00C04F79EFBC}") = "Communication Interface Demo", "Communication Interface Demo\Communication Interface Demo.csproj", "{F23CDD62-AE70-492B-A2DF-934F11088417}"
EndProject
Project("{2150E333-8FDC-42A3-9474-1A3956D46DE8}") = "Solution Items", "Solution Items", "{EAB20BA0-D586-4E16-BE91-443620F819C8}"
EndProject
Project("{F184B08F-C81C-45F6-A57F-5ABD9991F28F}") = "QuidoDemo_VBx", "QuidoDemo_VB.NET\QuidoDemo_VBx.vbproj", "{C7C2CFC0-BA65-434F-ACFE-14C7DD12CA9D}"
EndProject
Project("{FAE04EC0-301F-11D3-BF4B-00C04F79EFBC}") = "QuidoDemo_CS", "QuidoDemo_CS.NET\QuidoDemo_CS.csproj", "{83C08910-C5F6-402C-8542-120738E09436}"
EndProject
Global
	GlobalSection(SolutionConfigurationPlatforms) = preSolution
		Debug|Any CPU = Debug|Any CPU
		Release|Any CPU = Release|Any CPU
		Description = .NET API for free protocol Spinel from papouch.com
	EndGlobalSection
	GlobalSection(ProjectConfigurationPlatforms) = postSolution
		{22AC128A-2FF6-4D39-96AF-CA023025BB4D}.Debug|Any CPU.ActiveCfg = Debug|Any CPU
		{22AC128A-2FF6-4D39-96AF-CA023025BB4D}.Debug|Any CPU.Build.0 = Debug|Any CPU
		{22AC128A-2FF6-4D39-96AF-CA023025BB4D}.Release|Any CPU.ActiveCfg = Release|Any CPU
		{22AC128A-2FF6-4D39-96AF-CA023025BB4D}.Release|Any CPU.Build.0 = Release|Any CPU
		{D679BBAA-F0BC-4408-9285-DAEAEDF55989}.Debug|Any CPU.ActiveCfg = Debug|Any CPU
		{D679BBAA-F0BC-4408-9285-DAEAEDF55989}.Debug|Any CPU.Build.0 = Debug|Any CPU
		{D679BBAA-F0BC-4408-9285-DAEAEDF55989}.Release|Any CPU.ActiveCfg = Release|Any CPU
		{D679BBAA-F0BC-4408-9285-DAEAEDF55989}.Release|Any CPU.Build.0 = Release|Any CPU
		{4E14856B-8B6D-4166-A736-1ECD5E54E2BE}.Debug|Any CPU.ActiveCfg = Debug|Any CPU
		{4E14856B-8B6D-4166-A736-1ECD5E54E2BE}.Debug|Any CPU.Build.0 = Debug|Any CPU
		{4E14856B-8B6D-4166-A736-1ECD5E54E2BE}.Release|Any CPU.ActiveCfg = Release|Any CPU
		{4E14856B-8B6D-4166-A736-1ECD5E54E2BE}.Release|Any CPU.Build.0 = Release|Any CPU
		{F23CDD62-AE70-492B-A2DF-934F11088417}.Debug|Any CPU.ActiveCfg = Debug|Any CPU
		{F23CDD62-AE70-492B-A2DF-934F11088417}.Debug|Any CPU.Build.0 = Debug|Any CPU
		{F23CDD62-AE70-492B-A2DF-934F11088417}.Release|Any CPU.ActiveCfg = Release|Any CPU
		{F23CDD62-AE70-492B-A2DF-934F11088417}.Release|Any CPU.Build.0 = Release|Any CPU
		{C7C2CFC0-BA65-434F-ACFE-14C7DD12CA9D}.Debug|Any CPU.ActiveCfg = Debug|Any CPU
		{C7C2CFC0-BA65-434F-ACFE-14C7DD12CA9D}.Debug|Any CPU.Build.0 = Debug|Any CPU
		{C7C2CFC0-BA65-434F-ACFE-14C7DD12CA9D}.Release|Any CPU.ActiveCfg = Release|Any CPU
		{C7C2CFC0-BA65-434F-ACFE-14C7DD12CA9D}.Release|Any CPU.Build.0 = Release|Any CPU
		{83C08910-C5F6-402C-8542-120738E09436}.Debug|Any CPU.ActiveCfg = Debug|Any CPU
		{83C08910-C5F6-402C-8542-120738E09436}.Debug|Any CPU.Build.0 = Debug|Any CPU
		{83C08910-C5F6-402C-8542-120738E09436}.Release|Any CPU.ActiveCfg = Release|Any CPU
		{83C08910-C5F6-402C-8542-120738E09436}.Release|Any CPU.Build.0 = Release|Any CPU
	EndGlobalSection
	GlobalSection(SolutionProperties) = preSolution
		HideSolutionNode = FALSE
	EndGlobalSection
	GlobalSection(ExtensibilityGlobals) = postSolution
		SolutionGuid = {F9A9832B-1348-4BFF-AB95-04079D0899FE}
	EndGlobalSection
	GlobalSection(Performance) = preSolution
		HasPerformanceSessions = true
	EndGlobalSection
	GlobalSection(Performance) = preSolution
		HasPerformanceSessions = true
	EndGlobalSection
EndGlobal
